Microsoft Visual Studio Solution File, Format Version 12.00
# Visual Studio Version 17
VisualStudioVersion = 17.2.32630.192
MinimumVisualStudioVersion = 10.0.40219.1
Project("{9A19103F-16F7-4668-BE54-9A1E7A4F7556}") = "UI", "UI\UI.csproj", "{FD9C6918-9D6F-40C3-B117-44E7A3BB0D4B}"
EndProject
Project("{9A19103F-16F7-4668-BE54-9A1E7A4F7556}") = "AutoTrader.Domain", "AutoTrader.Domain\AutoTrader.Domain.csproj", "{B6A04109-0F88-4E7D-A87D-079381DDC573}"
EndProject
Project("{9A19103F-16F7-4668-BE54-9A1E7A4F7556}") = "AutoTrader.Application", "AutoTrader.Application\AutoTrader.Application.csproj", "{ED203EAD-0219-4149-AAD9-68A655D23FC0}"
EndProject
Project("{9A19103F-16F7-4668-BE54-9A1E7A4F7556}") = "AutoTrader.Infrastructure", "AutoTrader.Infrastructure\AutoTrader.Infrastructure.csproj", "{0E0C4899-AE4D-4BAF-BEC3-4CE50977F047}"
EndProject
Project("{9A19103F-16F7-4668-BE54-9A1E7A4F7556}") = "ConsoleTests", "ConsoleTests\ConsoleTests.csproj", "{5C7E41DB-E220-4A0B-8EB7-C799C6FED36F}"
EndProject
Project("{2150E333-8FDC-42A3-9474-1A3956D46DE8}") = "Tests", "Tests", "{BDB48062-CCD8-4908-A350-3CCF2507B60E}"
EndProject
Project("{FAE04EC0-301F-11D3-BF4B-00C04F79EFBC}") = "AutoTrader.Application.UnitTests", "AutoTrader.Application.UnitTests\AutoTrader.Application.UnitTests.csproj", "{E64B64A0-A737-439F-9BC0-BE9F4B16C0D4}"
EndProject
Global
	GlobalSection(SolutionConfigurationPlatforms) = preSolution
		Debug|Any CPU = Debug|Any CPU
		Debug|x64 = Debug|x64
		Release|Any CPU = Release|Any CPU
		Release|x64 = Release|x64
		Test|Any CPU = Test|Any CPU
		Test|x64 = Test|x64
	EndGlobalSection
	GlobalSection(ProjectConfigurationPlatforms) = postSolution
		{FD9C6918-9D6F-40C3-B117-44E7A3BB0D4B}.Debug|Any CPU.ActiveCfg = Debug|Any CPU
		{FD9C6918-9D6F-40C3-B117-44E7A3BB0D4B}.Debug|Any CPU.Build.0 = Debug|Any CPU
		{FD9C6918-9D6F-40C3-B117-44E7A3BB0D4B}.Debug|x64.ActiveCfg = Debug|Any CPU
		{FD9C6918-9D6F-40C3-B117-44E7A3BB0D4B}.Debug|x64.Build.0 = Debug|Any CPU
		{FD9C6918-9D6F-40C3-B117-44E7A3BB0D4B}.Release|Any CPU.ActiveCfg = Release|Any CPU
		{FD9C6918-9D6F-40C3-B117-44E7A3BB0D4B}.Release|Any CPU.Build.0 = Release|Any CPU
		{FD9C6918-9D6F-40C3-B117-44E7A3BB0D4B}.Release|x64.ActiveCfg = Release|Any CPU
		{FD9C6918-9D6F-40C3-B117-44E7A3BB0D4B}.Release|x64.Build.0 = Release|Any CPU
		{FD9C6918-9D6F-40C3-B117-44E7A3BB0D4B}.Test|Any CPU.ActiveCfg = Test|Any CPU
		{FD9C6918-9D6F-40C3-B117-44E7A3BB0D4B}.Test|Any CPU.Build.0 = Test|Any CPU
		{FD9C6918-9D6F-40C3-B117-44E7A3BB0D4B}.Test|x64.ActiveCfg = Test|Any CPU
		{FD9C6918-9D6F-40C3-B117-44E7A3BB0D4B}.Test|x64.Build.0 = Test|Any CPU
		{B6A04109-0F88-4E7D-A87D-079381DDC573}.Debug|Any CPU.ActiveCfg = Debug|Any CPU
		{B6A04109-0F88-4E7D-A87D-079381DDC573}.Debug|Any CPU.Build.0 = Debug|Any CPU
		{B6A04109-0F88-4E7D-A87D-079381DDC573}.Debug|x64.ActiveCfg = Debug|Any CPU
		{B6A04109-0F88-4E7D-A87D-079381DDC573}.Debug|x64.Build.0 = Debug|Any CPU
		{B6A04109-0F88-4E7D-A87D-079381DDC573}.Release|Any CPU.ActiveCfg = Release|Any CPU
		{B6A04109-0F88-4E7D-A87D-079381DDC573}.Release|Any CPU.Build.0 = Release|Any CPU
		{B6A04109-0F88-4E7D-A87D-079381DDC573}.Release|x64.ActiveCfg = Release|Any CPU
		{B6A04109-0F88-4E7D-A87D-079381DDC573}.Release|x64.Build.0 = Release|Any CPU
		{B6A04109-0F88-4E7D-A87D-079381DDC573}.Test|Any CPU.ActiveCfg = Debug|Any CPU
		{B6A04109-0F88-4E7D-A87D-079381DDC573}.Test|Any CPU.Build.0 = Debug|Any CPU
		{B6A04109-0F88-4E7D-A87D-079381DDC573}.Test|x64.ActiveCfg = Debug|Any CPU
		{B6A04109-0F88-4E7D-A87D-079381DDC573}.Test|x64.Build.0 = Debug|Any CPU
		{ED203EAD-0219-4149-AAD9-68A655D23FC0}.Debug|Any CPU.ActiveCfg = Debug|Any CPU
		{ED203EAD-0219-4149-AAD9-68A655D23FC0}.Debug|Any CPU.Build.0 = Debug|Any CPU
		{ED203EAD-0219-4149-AAD9-68A655D23FC0}.Debug|x64.ActiveCfg = Debug|Any CPU
		{ED203EAD-0219-4149-AAD9-68A655D23FC0}.Debug|x64.Build.0 = Debug|Any CPU
		{ED203EAD-0219-4149-AAD9-68A655D23FC0}.Release|Any CPU.ActiveCfg = Release|Any CPU
		{ED203EAD-0219-4149-AAD9-68A655D23FC0}.Release|Any CPU.Build.0 = Release|Any CPU
		{ED203EAD-0219-4149-AAD9-68A655D23FC0}.Release|x64.ActiveCfg = Release|Any CPU
		{ED203EAD-0219-4149-AAD9-68A655D23FC0}.Release|x64.Build.0 = Release|Any CPU
		{ED203EAD-0219-4149-AAD9-68A655D23FC0}.Test|Any CPU.ActiveCfg = Debug|Any CPU
		{ED203EAD-0219-4149-AAD9-68A655D23FC0}.Test|Any CPU.Build.0 = Debug|Any CPU
		{ED203EAD-0219-4149-AAD9-68A655D23FC0}.Test|x64.ActiveCfg = Debug|Any CPU
		{ED203EAD-0219-4149-AAD9-68A655D23FC0}.Test|x64.Build.0 = Debug|Any CPU
		{0E0C4899-AE4D-4BAF-BEC3-4CE50977F047}.Debug|Any CPU.ActiveCfg = Debug|Any CPU
		{0E0C4899-AE4D-4BAF-BEC3-4CE50977F047}.Debug|Any CPU.Build.0 = Debug|Any CPU
		{0E0C4899-AE4D-4BAF-BEC3-4CE50977F047}.Debug|x64.ActiveCfg = Debug|Any CPU
		{0E0C4899-AE4D-4BAF-BEC3-4CE50977F047}.Debug|x64.Build.0 = Debug|Any CPU
		{0E0C4899-AE4D-4BAF-BEC3-4CE50977F047}.Release|Any CPU.ActiveCfg = Release|Any CPU
		{0E0C4899-AE4D-4BAF-BEC3-4CE50977F047}.Release|Any CPU.Build.0 = Release|Any CPU
		{0E0C4899-AE4D-4BAF-BEC3-4CE50977F047}.Release|x64.ActiveCfg = Release|Any CPU
		{0E0C4899-AE4D-4BAF-BEC3-4CE50977F047}.Release|x64.Build.0 = Release|Any CPU
		{0E0C4899-AE4D-4BAF-BEC3-4CE50977F047}.Test|Any CPU.ActiveCfg = Debug|Any CPU
		{0E0C4899-AE4D-4BAF-BEC3-4CE50977F047}.Test|Any CPU.Build.0 = Debug|Any CPU
		{0E0C4899-AE4D-4BAF-BEC3-4CE50977F047}.Test|x64.ActiveCfg = Debug|Any CPU
		{0E0C4899-AE4D-4BAF-BEC3-4CE50977F047}.Test|x64.Build.0 = Debug|Any CPU
		{5C7E41DB-E220-4A0B-8EB7-C799C6FED36F}.Debug|Any CPU.ActiveCfg = Debug|Any CPU
		{5C7E41DB-E220-4A0B-8EB7-C799C6FED36F}.Debug|Any CPU.Build.0 = Debug|Any CPU
		{5C7E41DB-E220-4A0B-8EB7-C799C6FED36F}.Debug|x64.ActiveCfg = Debug|Any CPU
		{5C7E41DB-E220-4A0B-8EB7-C799C6FED36F}.Debug|x64.Build.0 = Debug|Any CPU
		{5C7E41DB-E220-4A0B-8EB7-C799C6FED36F}.Release|Any CPU.ActiveCfg = Release|Any CPU
		{5C7E41DB-E220-4A0B-8EB7-C799C6FED36F}.Release|Any CPU.Build.0 = Release|Any CPU
		{5C7E41DB-E220-4A0B-8EB7-C799C6FED36F}.Release|x64.ActiveCfg = Release|Any CPU
		{5C7E41DB-E220-4A0B-8EB7-C799C6FED36F}.Release|x64.Build.0 = Release|Any CPU
		{5C7E41DB-E220-4A0B-8EB7-C799C6FED36F}.Test|Any CPU.ActiveCfg = Debug|Any CPU
		{5C7E41DB-E220-4A0B-8EB7-C799C6FED36F}.Test|Any CPU.Build.0 = Debug|Any CPU
		{5C7E41DB-E220-4A0B-8EB7-C799C6FED36F}.Test|x64.ActiveCfg = Debug|Any CPU
		{5C7E41DB-E220-4A0B-8EB7-C799C6FED36F}.Test|x64.Build.0 = Debug|Any CPU
		{E64B64A0-A737-439F-9BC0-BE9F4B16C0D4}.Debug|Any CPU.ActiveCfg = Debug|Any CPU
		{E64B64A0-A737-439F-9BC0-BE9F4B16C0D4}.Debug|Any CPU.Build.0 = Debug|Any CPU
		{E64B64A0-A737-439F-9BC0-BE9F4B16C0D4}.Debug|x64.ActiveCfg = Debug|Any CPU
		{E64B64A0-A737-439F-9BC0-BE9F4B16C0D4}.Debug|x64.Build.0 = Debug|Any CPU
		{E64B64A0-A737-439F-9BC0-BE9F4B16C0D4}.Release|Any CPU.ActiveCfg = Release|Any CPU
		{E64B64A0-A737-439F-9BC0-BE9F4B16C0D4}.Release|Any CPU.Build.0 = Release|Any CPU
		{E64B64A0-A737-439F-9BC0-BE9F4B16C0D4}.Release|x64.ActiveCfg = Release|Any CPU
		{E64B64A0-A737-439F-9BC0-BE9F4B16C0D4}.Release|x64.Build.0 = Release|Any CPU
		{E64B64A0-A737-439F-9BC0-BE9F4B16C0D4}.Test|Any CPU.ActiveCfg = Debug|Any CPU
		{E64B64A0-A737-439F-9BC0-BE9F4B16C0D4}.Test|Any CPU.Build.0 = Debug|Any CPU
		{E64B64A0-A737-439F-9BC0-BE9F4B16C0D4}.Test|x64.ActiveCfg = Debug|Any CPU
		{E64B64A0-A737-439F-9BC0-BE9F4B16C0D4}.Test|x64.Build.0 = Debug|Any CPU
	EndGlobalSection
	GlobalSection(SolutionProperties) = preSolution
		HideSolutionNode = FALSE
	EndGlobalSection
	GlobalSection(NestedProjects) = preSolution
		{E64B64A0-A737-439F-9BC0-BE9F4B16C0D4} = {BDB48062-CCD8-4908-A350-3CCF2507B60E}
	EndGlobalSection
	GlobalSection(ExtensibilityGlobals) = postSolution
		SolutionGuid = {73D9911D-E125-4A24-B96D-05B7233171ED}
	EndGlobalSection
EndGlobal
