
Microsoft Visual Studio Solution File, Format Version 12.00
# Visual Studio Version 16
VisualStudioVersion = 16.0.29519.181
MinimumVisualStudioVersion = 10.0.40219.1
Project("{FAE04EC0-301F-11D3-BF4B-00C04F79EFBC}") = "AutoTraderSDK", "AutoTraderSDK\AutoTraderSDK.csproj", "{3EFC5869-F549-4DAD-81D9-6F6AF6AA1328}"
EndProject
Project("{FAE04EC0-301F-11D3-BF4B-00C04F79EFBC}") = "UI", "UI\UI.csproj", "{FD9C6918-9D6F-40C3-B117-44E7A3BB0D4B}"
EndProject
Global
	GlobalSection(SolutionConfigurationPlatforms) = preSolution
		Debug|Any CPU = Debug|Any CPU
		Release|Any CPU = Release|Any CPU
	EndGlobalSection
	GlobalSection(ProjectConfigurationPlatforms) = postSolution
		{3EFC5869-F549-4DAD-81D9-6F6AF6AA1328}.Debug|Any CPU.ActiveCfg = Debug|Any CPU
		{3EFC5869-F549-4DAD-81D9-6F6AF6AA1328}.Debug|Any CPU.Build.0 = Debug|Any CPU
		{3EFC5869-F549-4DAD-81D9-6F6AF6AA1328}.Release|Any CPU.ActiveCfg = Release|Any CPU
		{3EFC5869-F549-4DAD-81D9-6F6AF6AA1328}.Release|Any CPU.Build.0 = Release|Any CPU
		{FD9C6918-9D6F-40C3-B117-44E7A3BB0D4B}.Debug|Any CPU.ActiveCfg = Debug|Any CPU
		{FD9C6918-9D6F-40C3-B117-44E7A3BB0D4B}.Debug|Any CPU.Build.0 = Debug|Any CPU
		{FD9C6918-9D6F-40C3-B117-44E7A3BB0D4B}.Release|Any CPU.ActiveCfg = Release|Any CPU
		{FD9C6918-9D6F-40C3-B117-44E7A3BB0D4B}.Release|Any CPU.Build.0 = Release|Any CPU
	EndGlobalSection
	GlobalSection(SolutionProperties) = preSolution
		HideSolutionNode = FALSE
	EndGlobalSection
	GlobalSection(ExtensibilityGlobals) = postSolution
		SolutionGuid = {73D9911D-E125-4A24-B96D-05B7233171ED}
	EndGlobalSection
EndGlobal
